// !$*UTF8*$!
{
	archiveVersion = 1;
	classes = {
	};
	objectVersion = 48;
	objects = {

/* Begin PBXBuildFile section */
		8442BD7320EDD6F300F2FD72 /* ViewController+Extension.swift in Sources */ = {isa = PBXBuildFile; fileRef = 8442BD7220EDD6F300F2FD72 /* ViewController+Extension.swift */; };
		8442BD7520EDE6A000F2FD72 /* LaunchScreen.storyboard in Resources */ = {isa = PBXBuildFile; fileRef = 8442BD7420EDE6A000F2FD72 /* LaunchScreen.storyboard */; };
		84CA09F61FFDE51A00568DF1 /* AppDelegate.swift in Sources */ = {isa = PBXBuildFile; fileRef = 84CA09F51FFDE51A00568DF1 /* AppDelegate.swift */; };
		84CA09F81FFDE51A00568DF1 /* ViewController.swift in Sources */ = {isa = PBXBuildFile; fileRef = 84CA09F71FFDE51A00568DF1 /* ViewController.swift */; };
		84CA09FB1FFDE51A00568DF1 /* Main.storyboard in Resources */ = {isa = PBXBuildFile; fileRef = 84CA09F91FFDE51A00568DF1 /* Main.storyboard */; };
		84CA09FD1FFDE51B00568DF1 /* Assets.xcassets in Resources */ = {isa = PBXBuildFile; fileRef = 84CA09FC1FFDE51B00568DF1 /* Assets.xcassets */; };
		84CA0A0A1FFE37E000568DF1 /* KeyboardHandler.swift in Sources */ = {isa = PBXBuildFile; fileRef = 84CA0A091FFE37E000568DF1 /* KeyboardHandler.swift */; };
/* End PBXBuildFile section */

/* Begin PBXFileReference section */
		8442BD7220EDD6F300F2FD72 /* ViewController+Extension.swift */ = {isa = PBXFileReference; lastKnownFileType = sourcecode.swift; path = "ViewController+Extension.swift"; sourceTree = "<group>"; };
		8442BD7420EDE6A000F2FD72 /* LaunchScreen.storyboard */ = {isa = PBXFileReference; lastKnownFileType = file.storyboard; path = LaunchScreen.storyboard; sourceTree = "<group>"; };
		84CA09F21FFDE51A00568DF1 /* KeyboardHandler.app */ = {isa = PBXFileReference; explicitFileType = wrapper.application; includeInIndex = 0; path = KeyboardHandler.app; sourceTree = BUILT_PRODUCTS_DIR; };
		84CA09F51FFDE51A00568DF1 /* AppDelegate.swift */ = {isa = PBXFileReference; lastKnownFileType = sourcecode.swift; path = AppDelegate.swift; sourceTree = "<group>"; };
		84CA09F71FFDE51A00568DF1 /* ViewController.swift */ = {isa = PBXFileReference; lastKnownFileType = sourcecode.swift; path = ViewController.swift; sourceTree = "<group>"; };
		84CA09FA1FFDE51A00568DF1 /* Base */ = {isa = PBXFileReference; lastKnownFileType = file.storyboard; name = Base; path = Base.lproj/Main.storyboard; sourceTree = "<group>"; };
		84CA09FC1FFDE51B00568DF1 /* Assets.xcassets */ = {isa = PBXFileReference; lastKnownFileType = folder.assetcatalog; path = Assets.xcassets; sourceTree = "<group>"; };
		84CA0A011FFDE51B00568DF1 /* Info.plist */ = {isa = PBXFileReference; lastKnownFileType = text.plist.xml; path = Info.plist; sourceTree = "<group>"; };
		84CA0A091FFE37E000568DF1 /* KeyboardHandler.swift */ = {isa = PBXFileReference; lastKnownFileType = sourcecode.swift; path = KeyboardHandler.swift; sourceTree = "<group>"; };
/* End PBXFileReference section */

/* Begin PBXFrameworksBuildPhase section */
		84CA09EF1FFDE51A00568DF1 /* Frameworks */ = {
			isa = PBXFrameworksBuildPhase;
			buildActionMask = 2147483647;
			files = (
			);
			runOnlyForDeploymentPostprocessing = 0;
		};
/* End PBXFrameworksBuildPhase section */

/* Begin PBXGroup section */
		84CA09E91FFDE51A00568DF1 = {
			isa = PBXGroup;
			children = (
				84CA09F41FFDE51A00568DF1 /* KeyboardHandler */,
				84CA09F31FFDE51A00568DF1 /* Products */,
			);
			sourceTree = "<group>";
		};
		84CA09F31FFDE51A00568DF1 /* Products */ = {
			isa = PBXGroup;
			children = (
				84CA09F21FFDE51A00568DF1 /* KeyboardHandler.app */,
			);
			name = Products;
			sourceTree = "<group>";
		};
		84CA09F41FFDE51A00568DF1 /* KeyboardHandler */ = {
			isa = PBXGroup;
			children = (
				84CA09F51FFDE51A00568DF1 /* AppDelegate.swift */,
				84CA09F71FFDE51A00568DF1 /* ViewController.swift */,
				84CA09F91FFDE51A00568DF1 /* Main.storyboard */,
				84CA09FC1FFDE51B00568DF1 /* Assets.xcassets */,
				84CA0A011FFDE51B00568DF1 /* Info.plist */,
				84CA0A091FFE37E000568DF1 /* KeyboardHandler.swift */,
				8442BD7220EDD6F300F2FD72 /* ViewController+Extension.swift */,
				8442BD7420EDE6A000F2FD72 /* LaunchScreen.storyboard */,
			);
			path = KeyboardHandler;
			sourceTree = "<group>";
		};
/* End PBXGroup section */

/* Begin PBXNativeTarget section */
		84CA09F11FFDE51A00568DF1 /* KeyboardHandler */ = {
			isa = PBXNativeTarget;
			buildConfigurationList = 84CA0A041FFDE51B00568DF1 /* Build configuration list for PBXNativeTarget "KeyboardHandler" */;
			buildPhases = (
				84CA09EE1FFDE51A00568DF1 /* Sources */,
				84CA09EF1FFDE51A00568DF1 /* Frameworks */,
				84CA09F01FFDE51A00568DF1 /* Resources */,
			);
			buildRules = (
			);
			dependencies = (
			);
			name = KeyboardHandler;
			productName = KeyboardHandleDemo;
			productReference = 84CA09F21FFDE51A00568DF1 /* KeyboardHandler.app */;
			productType = "com.apple.product-type.application";
		};
/* End PBXNativeTarget section */

/* Begin PBXProject section */
		84CA09EA1FFDE51A00568DF1 /* Project object */ = {
			isa = PBXProject;
			attributes = {
				LastSwiftUpdateCheck = 0920;
				LastUpgradeCheck = 0940;
				ORGANIZATIONNAME = Anbu;
				TargetAttributes = {
					84CA09F11FFDE51A00568DF1 = {
						CreatedOnToolsVersion = 9.2;
						ProvisioningStyle = Automatic;
					};
				};
			};
			buildConfigurationList = 84CA09ED1FFDE51A00568DF1 /* Build configuration list for PBXProject "KeyboardHandler" */;
			compatibilityVersion = "Xcode 8.0";
			developmentRegion = en;
			hasScannedForEncodings = 0;
			knownRegions = (
				en,
				Base,
			);
			mainGroup = 84CA09E91FFDE51A00568DF1;
			productRefGroup = 84CA09F31FFDE51A00568DF1 /* Products */;
			projectDirPath = "";
			projectRoot = "";
			targets = (
				84CA09F11FFDE51A00568DF1 /* KeyboardHandler */,
			);
		};
/* End PBXProject section */

/* Begin PBXResourcesBuildPhase section */
		84CA09F01FFDE51A00568DF1 /* Resources */ = {
			isa = PBXResourcesBuildPhase;
			buildActionMask = 2147483647;
			files = (
				8442BD7520EDE6A000F2FD72 /* LaunchScreen.storyboard in Resources */,
				84CA09FD1FFDE51B00568DF1 /* Assets.xcassets in Resources */,
				84CA09FB1FFDE51A00568DF1 /* Main.storyboard in Resources */,
			);
			runOnlyForDeploymentPostprocessing = 0;
		};
/* End PBXResourcesBuildPhase section */

/* Begin PBXSourcesBuildPhase section */
		84CA09EE1FFDE51A00568DF1 /* Sources */ = {
			isa = PBXSourcesBuildPhase;
			buildActionMask = 2147483647;
			files = (
				8442BD7320EDD6F300F2FD72 /* ViewController+Extension.swift in Sources */,
				84CA09F81FFDE51A00568DF1 /* ViewController.swift in Sources */,
				84CA09F61FFDE51A00568DF1 /* AppDelegate.swift in Sources */,
				84CA0A0A1FFE37E000568DF1 /* KeyboardHandler.swift in Sources */,
			);
			runOnlyForDeploymentPostprocessing = 0;
		};
/* End PBXSourcesBuildPhase section */

/* Begin PBXVariantGroup section */
		84CA09F91FFDE51A00568DF1 /* Main.storyboard */ = {
			isa = PBXVariantGroup;
			children = (
				84CA09FA1FFDE51A00568DF1 /* Base */,
			);
			name = Main.storyboard;
			sourceTree = "<group>";
		};
/* End PBXVariantGroup section */

/* Begin XCBuildConfiguration section */
		84CA0A021FFDE51B00568DF1 /* Debug */ = {
			isa = XCBuildConfiguration;
			buildSettings = {
				ALWAYS_SEARCH_USER_PATHS = NO;
				CLANG_ANALYZER_NONNULL = YES;
				CLANG_ANALYZER_NUMBER_OBJECT_CONVERSION = YES_AGGRESSIVE;
				CLANG_CXX_LANGUAGE_STANDARD = "gnu++14";
				CLANG_CXX_LIBRARY = "libc++";
				CLANG_ENABLE_MODULES = YES;
				CLANG_ENABLE_OBJC_ARC = YES;
				CLANG_WARN_BLOCK_CAPTURE_AUTORELEASING = YES;
				CLANG_WARN_BOOL_CONVERSION = YES;
				CLANG_WARN_COMMA = YES;
				CLANG_WARN_CONSTANT_CONVERSION = YES;
				CLANG_WARN_DEPRECATED_OBJC_IMPLEMENTATIONS = YES;
				CLANG_WARN_DIRECT_OBJC_ISA_USAGE = YES_ERROR;
				CLANG_WARN_DOCUMENTATION_COMMENTS = YES;
				CLANG_WARN_EMPTY_BODY = YES;
				CLANG_WARN_ENUM_CONVERSION = YES;
				CLANG_WARN_INFINITE_RECURSION = YES;
				CLANG_WARN_INT_CONVERSION = YES;
				CLANG_WARN_NON_LITERAL_NULL_CONVERSION = YES;
				CLANG_WARN_OBJC_IMPLICIT_RETAIN_SELF = YES;
				CLANG_WARN_OBJC_LITERAL_CONVERSION = YES;
				CLANG_WARN_OBJC_ROOT_CLASS = YES_ERROR;
				CLANG_WARN_RANGE_LOOP_ANALYSIS = YES;
				CLANG_WARN_STRICT_PROTOTYPES = YES;
				CLANG_WARN_SUSPICIOUS_MOVE = YES;
				CLANG_WARN_UNGUARDED_AVAILABILITY = YES_AGGRESSIVE;
				CLANG_WARN_UNREACHABLE_CODE = YES;
				CLANG_WARN__DUPLICATE_METHOD_MATCH = YES;
				CODE_SIGN_IDENTITY = "iPhone Developer";
				COPY_PHASE_STRIP = NO;
				DEBUG_INFORMATION_FORMAT = dwarf;
				ENABLE_STRICT_OBJC_MSGSEND = YES;
				ENABLE_TESTABILITY = YES;
				GCC_C_LANGUAGE_STANDARD = gnu11;
				GCC_DYNAMIC_NO_PIC = NO;
				GCC_NO_COMMON_BLOCKS = YES;
				GCC_OPTIMIZATION_LEVEL = 0;
				GCC_PREPROCESSOR_DEFINITIONS = (
					"DEBUG=1",
					"$(inherited)",
				);
				GCC_WARN_64_TO_32_BIT_CONVERSION = YES;
				GCC_WARN_ABOUT_RETURN_TYPE = YES_ERROR;
				GCC_WARN_UNDECLARED_SELECTOR = YES;
				GCC_WARN_UNINITIALIZED_AUTOS = YES_AGGRESSIVE;
				GCC_WARN_UNUSED_FUNCTION = YES;
				GCC_WARN_UNUSED_VARIABLE = YES;
				IPHONEOS_DEPLOYMENT_TARGET = 11.4;
				MTL_ENABLE_DEBUG_INFO = YES;
				ONLY_ACTIVE_ARCH = YES;
				SDKROOT = iphoneos;
				SWIFT_ACTIVE_COMPILATION_CONDITIONS = DEBUG;
				SWIFT_OPTIMIZATION_LEVEL = "-Onone";
			};
			name = Debug;
		};
		84CA0A031FFDE51B00568DF1 /* Release */ = {
			isa = XCBuildConfiguration;
			buildSettings = {
				ALWAYS_SEARCH_USER_PATHS = NO;
				CLANG_ANALYZER_NONNULL = YES;
				CLANG_ANALYZER_NUMBER_OBJECT_CONVERSION = YES_AGGRESSIVE;
				CLANG_CXX_LANGUAGE_STANDARD = "gnu++14";
				CLANG_CXX_LIBRARY = "libc++";
				CLANG_ENABLE_MODULES = YES;
				CLANG_ENABLE_OBJC_ARC = YES;
				CLANG_WARN_BLOCK_CAPTURE_AUTORELEASING = YES;
				CLANG_WARN_BOOL_CONVERSION = YES;
				CLANG_WARN_COMMA = YES;
				CLANG_WARN_CONSTANT_CONVERSION = YES;
				CLANG_WARN_DEPRECATED_OBJC_IMPLEMENTATIONS = YES;
				CLANG_WARN_DIRECT_OBJC_ISA_USAGE = YES_ERROR;
				CLANG_WARN_DOCUMENTATION_COMMENTS = YES;
				CLANG_WARN_EMPTY_BODY = YES;
				CLANG_WARN_ENUM_CONVERSION = YES;
				CLANG_WARN_INFINITE_RECURSION = YES;
				CLANG_WARN_INT_CONVERSION = YES;
				CLANG_WARN_NON_LITERAL_NULL_CONVERSION = YES;
				CLANG_WARN_OBJC_IMPLICIT_RETAIN_SELF = YES;
				CLANG_WARN_OBJC_LITERAL_CONVERSION = YES;
				CLANG_WARN_OBJC_ROOT_CLASS = YES_ERROR;
				CLANG_WARN_RANGE_LOOP_ANALYSIS = YES;
				CLANG_WARN_STRICT_PROTOTYPES = YES;
				CLANG_WARN_SUSPICIOUS_MOVE = YES;
				CLANG_WARN_UNGUARDED_AVAILABILITY = YES_AGGRESSIVE;
				CLANG_WARN_UNREACHABLE_CODE = YES;
				CLANG_WARN__DUPLICATE_METHOD_MATCH = YES;
				CODE_SIGN_IDENTITY = "iPhone Developer";
				COPY_PHASE_STRIP = NO;
				DEBUG_INFORMATION_FORMAT = "dwarf-with-dsym";
				ENABLE_NS_ASSERTIONS = NO;
				ENABLE_STRICT_OBJC_MSGSEND = YES;
				GCC_C_LANGUAGE_STANDARD = gnu11;
				GCC_NO_COMMON_BLOCKS = YES;
				GCC_WARN_64_TO_32_BIT_CONVERSION = YES;
				GCC_WARN_ABOUT_RETURN_TYPE = YES_ERROR;
				GCC_WARN_UNDECLARED_SELECTOR = YES;
				GCC_WARN_UNINITIALIZED_AUTOS = YES_AGGRESSIVE;
				GCC_WARN_UNUSED_FUNCTION = YES;
				GCC_WARN_UNUSED_VARIABLE = YES;
				IPHONEOS_DEPLOYMENT_TARGET = 11.4;
				MTL_ENABLE_DEBUG_INFO = NO;
				SDKROOT = iphoneos;
				SWIFT_OPTIMIZATION_LEVEL = "-Owholemodule";
				VALIDATE_PRODUCT = YES;
			};
			name = Release;
		};
		84CA0A051FFDE51B00568DF1 /* Debug */ = {
			isa = XCBuildConfiguration;
			buildSettings = {
				ASSETCATALOG_COMPILER_APPICON_NAME = AppIcon;
				CODE_SIGN_STYLE = Automatic;
				DEVELOPMENT_TEAM = "";
				INFOPLIST_FILE = "$(SRCROOT)/KeyboardHandler/Info.plist";
				IPHONEOS_DEPLOYMENT_TARGET = 11.4;
				LD_RUNPATH_SEARCH_PATHS = "$(inherited) @executable_path/Frameworks";
				PRODUCT_BUNDLE_IDENTIFIER = com.anbu.KeyboardHandler;
				PRODUCT_NAME = "$(TARGET_NAME)";
				SWIFT_VERSION = 4.0;
				TARGETED_DEVICE_FAMILY = "1,2";
			};
			name = Debug;
		};
		84CA0A061FFDE51B00568DF1 /* Release */ = {
			isa = XCBuildConfiguration;
			buildSettings = {
				ASSETCATALOG_COMPILER_APPICON_NAME = AppIcon;
				CODE_SIGN_STYLE = Automatic;
				DEVELOPMENT_TEAM = "";
				INFOPLIST_FILE = "$(SRCROOT)/KeyboardHandler/Info.plist";
				IPHONEOS_DEPLOYMENT_TARGET = 11.4;
				LD_RUNPATH_SEARCH_PATHS = "$(inherited) @executable_path/Frameworks";
				PRODUCT_BUNDLE_IDENTIFIER = com.anbu.KeyboardHandler;
				PRODUCT_NAME = "$(TARGET_NAME)";
				SWIFT_VERSION = 4.0;
				TARGETED_DEVICE_FAMILY = "1,2";
			};
			name = Release;
		};
/* End XCBuildConfiguration section */

/* Begin XCConfigurationList section */
		84CA09ED1FFDE51A00568DF1 /* Build configuration list for PBXProject "KeyboardHandler" */ = {
			isa = XCConfigurationList;
			buildConfigurations = (
				84CA0A021FFDE51B00568DF1 /* Debug */,
				84CA0A031FFDE51B00568DF1 /* Release */,
			);
			defaultConfigurationIsVisible = 0;
			defaultConfigurationName = Release;
		};
		84CA0A041FFDE51B00568DF1 /* Build configuration list for PBXNativeTarget "KeyboardHandler" */ = {
			isa = XCConfigurationList;
			buildConfigurations = (
				84CA0A051FFDE51B00568DF1 /* Debug */,
				84CA0A061FFDE51B00568DF1 /* Release */,
			);
			defaultConfigurationIsVisible = 0;
			defaultConfigurationName = Release;
		};
/* End XCConfigurationList section */
	};
	rootObject = 84CA09EA1FFDE51A00568DF1 /* Project object */;
}
